
Microsoft Visual Studio Solution File, Format Version 12.00
# Visual Studio 15
VisualStudioVersion = 15.0.28307.106
MinimumVisualStudioVersion = 10.0.40219.1
Project("{FAE04EC0-301F-11D3-BF4B-00C04F79EFBC}") = "Api.Data", "Api.Data\Api.Data.csproj", "{1AFCBC7A-7F26-4D64-B460-BFCB88F8E113}"
EndProject
Project("{FAE04EC0-301F-11D3-BF4B-00C04F79EFBC}") = "Api.Web", "Api.Web\Api.Web.csproj", "{EF8D37C5-E94B-45C8-8A23-6B40D080811A}"
EndProject
Project("{FAE04EC0-301F-11D3-BF4B-00C04F79EFBC}") = "Api.Entidad", "Api.Entidad\Api.Entidad.csproj", "{11BB3395-12FD-41BF-8B7C-6ED939CE0678}"
EndProject
Project("{FAE04EC0-301F-11D3-BF4B-00C04F79EFBC}") = "Api.Firebase.Integrador", "Api.Firebase.Integrador\Api.Firebase.Integrador.csproj", "{4383429F-FD8F-4F2F-B9E0-394B7AF5A6DE}"
EndProject
Project("{FAE04EC0-301F-11D3-BF4B-00C04F79EFBC}") = "Api.Negocio", "Api.Negocio\Api.Negocio.csproj", "{BBB770F4-C883-476C-9CC7-0A754526F46B}"
EndProject
Global
	GlobalSection(SolutionConfigurationPlatforms) = preSolution
		Debug|Any CPU = Debug|Any CPU
		Release|Any CPU = Release|Any CPU
	EndGlobalSection
	GlobalSection(ProjectConfigurationPlatforms) = postSolution
		{1AFCBC7A-7F26-4D64-B460-BFCB88F8E113}.Debug|Any CPU.ActiveCfg = Debug|Any CPU
		{1AFCBC7A-7F26-4D64-B460-BFCB88F8E113}.Debug|Any CPU.Build.0 = Debug|Any CPU
		{1AFCBC7A-7F26-4D64-B460-BFCB88F8E113}.Release|Any CPU.ActiveCfg = Release|Any CPU
		{1AFCBC7A-7F26-4D64-B460-BFCB88F8E113}.Release|Any CPU.Build.0 = Release|Any CPU
		{EF8D37C5-E94B-45C8-8A23-6B40D080811A}.Debug|Any CPU.ActiveCfg = Debug|Any CPU
		{EF8D37C5-E94B-45C8-8A23-6B40D080811A}.Debug|Any CPU.Build.0 = Debug|Any CPU
		{EF8D37C5-E94B-45C8-8A23-6B40D080811A}.Release|Any CPU.ActiveCfg = Release|Any CPU
		{EF8D37C5-E94B-45C8-8A23-6B40D080811A}.Release|Any CPU.Build.0 = Release|Any CPU
		{11BB3395-12FD-41BF-8B7C-6ED939CE0678}.Debug|Any CPU.ActiveCfg = Debug|Any CPU
		{11BB3395-12FD-41BF-8B7C-6ED939CE0678}.Debug|Any CPU.Build.0 = Debug|Any CPU
		{11BB3395-12FD-41BF-8B7C-6ED939CE0678}.Release|Any CPU.ActiveCfg = Release|Any CPU
		{11BB3395-12FD-41BF-8B7C-6ED939CE0678}.Release|Any CPU.Build.0 = Release|Any CPU
		{4383429F-FD8F-4F2F-B9E0-394B7AF5A6DE}.Debug|Any CPU.ActiveCfg = Debug|Any CPU
		{4383429F-FD8F-4F2F-B9E0-394B7AF5A6DE}.Debug|Any CPU.Build.0 = Debug|Any CPU
		{4383429F-FD8F-4F2F-B9E0-394B7AF5A6DE}.Release|Any CPU.ActiveCfg = Release|Any CPU
		{4383429F-FD8F-4F2F-B9E0-394B7AF5A6DE}.Release|Any CPU.Build.0 = Release|Any CPU
		{BBB770F4-C883-476C-9CC7-0A754526F46B}.Debug|Any CPU.ActiveCfg = Debug|Any CPU
		{BBB770F4-C883-476C-9CC7-0A754526F46B}.Debug|Any CPU.Build.0 = Debug|Any CPU
		{BBB770F4-C883-476C-9CC7-0A754526F46B}.Release|Any CPU.ActiveCfg = Release|Any CPU
		{BBB770F4-C883-476C-9CC7-0A754526F46B}.Release|Any CPU.Build.0 = Release|Any CPU
	EndGlobalSection
	GlobalSection(SolutionProperties) = preSolution
		HideSolutionNode = FALSE
	EndGlobalSection
	GlobalSection(ExtensibilityGlobals) = postSolution
		SolutionGuid = {06A77AC9-471D-43E4-A7B8-2253370E3EA2}
	EndGlobalSection
EndGlobal
